
Microsoft Visual Studio Solution File, Format Version 12.00
# Visual Studio Version 17
VisualStudioVersion = 17.9.34728.123
MinimumVisualStudioVersion = 10.0.40219.1
Project("{9A19103F-16F7-4668-BE54-9A1E7A4F7556}") = "BankingApp", "BankingApp\BankingApp.csproj", "{8726063D-83B3-4F8B-B6D5-2A7F36530F93}"
EndProject
Project("{FAE04EC0-301F-11D3-BF4B-00C04F79EFBC}") = "MyBankingApp", "MyBankingApp\MyBankingApp.csproj", "{1E39196B-AA82-4B02-9AFA-C64AC1CAC1E2}"
EndProject
Project("{FAE04EC0-301F-11D3-BF4B-00C04F79EFBC}") = "ConsoleApp1", "ConsoleApp1\ConsoleApp1.csproj", "{FCF35E7B-4B6F-45CA-A8A5-19AF485E9EF8}"
EndProject
Global
	GlobalSection(SolutionConfigurationPlatforms) = preSolution
		Debug|Any CPU = Debug|Any CPU
		Release|Any CPU = Release|Any CPU
	EndGlobalSection
	GlobalSection(ProjectConfigurationPlatforms) = postSolution
		{8726063D-83B3-4F8B-B6D5-2A7F36530F93}.Debug|Any CPU.ActiveCfg = Debug|Any CPU
		{8726063D-83B3-4F8B-B6D5-2A7F36530F93}.Debug|Any CPU.Build.0 = Debug|Any CPU
		{8726063D-83B3-4F8B-B6D5-2A7F36530F93}.Release|Any CPU.ActiveCfg = Release|Any CPU
		{8726063D-83B3-4F8B-B6D5-2A7F36530F93}.Release|Any CPU.Build.0 = Release|Any CPU
		{1E39196B-AA82-4B02-9AFA-C64AC1CAC1E2}.Debug|Any CPU.ActiveCfg = Debug|Any CPU
		{1E39196B-AA82-4B02-9AFA-C64AC1CAC1E2}.Debug|Any CPU.Build.0 = Debug|Any CPU
		{1E39196B-AA82-4B02-9AFA-C64AC1CAC1E2}.Release|Any CPU.ActiveCfg = Release|Any CPU
		{1E39196B-AA82-4B02-9AFA-C64AC1CAC1E2}.Release|Any CPU.Build.0 = Release|Any CPU
		{FCF35E7B-4B6F-45CA-A8A5-19AF485E9EF8}.Debug|Any CPU.ActiveCfg = Debug|Any CPU
		{FCF35E7B-4B6F-45CA-A8A5-19AF485E9EF8}.Debug|Any CPU.Build.0 = Debug|Any CPU
		{FCF35E7B-4B6F-45CA-A8A5-19AF485E9EF8}.Release|Any CPU.ActiveCfg = Release|Any CPU
		{FCF35E7B-4B6F-45CA-A8A5-19AF485E9EF8}.Release|Any CPU.Build.0 = Release|Any CPU
	EndGlobalSection
	GlobalSection(SolutionProperties) = preSolution
		HideSolutionNode = FALSE
	EndGlobalSection
	GlobalSection(ExtensibilityGlobals) = postSolution
		SolutionGuid = {ECF07027-85F4-4803-9C79-CFF63C6ACA97}
	EndGlobalSection
EndGlobal
