
Microsoft Visual Studio Solution File, Format Version 12.00
# Visual Studio Version 17
VisualStudioVersion = 17.9.34728.123
MinimumVisualStudioVersion = 10.0.40219.1
Project("{9A19103F-16F7-4668-BE54-9A1E7A4F7556}") = "TFLECommerce_May2024", "TFLECommerce_May2024\TFLECommerce_May2024.csproj", "{6511FFE8-430E-4F97-AE03-3AA9DE68219C}"
EndProject
Project("{FAE04EC0-301F-11D3-BF4B-00C04F79EFBC}") = "CustomerMVC", "CustomerMVC\CustomerMVC.csproj", "{84D418ED-08BC-4C0F-B237-F2F4014432F7}"
EndProject
Global
	GlobalSection(SolutionConfigurationPlatforms) = preSolution
		Debug|Any CPU = Debug|Any CPU
		Release|Any CPU = Release|Any CPU
	EndGlobalSection
	GlobalSection(ProjectConfigurationPlatforms) = postSolution
		{6511FFE8-430E-4F97-AE03-3AA9DE68219C}.Debug|Any CPU.ActiveCfg = Debug|Any CPU
		{6511FFE8-430E-4F97-AE03-3AA9DE68219C}.Debug|Any CPU.Build.0 = Debug|Any CPU
		{6511FFE8-430E-4F97-AE03-3AA9DE68219C}.Release|Any CPU.ActiveCfg = Release|Any CPU
		{6511FFE8-430E-4F97-AE03-3AA9DE68219C}.Release|Any CPU.Build.0 = Release|Any CPU
		{84D418ED-08BC-4C0F-B237-F2F4014432F7}.Debug|Any CPU.ActiveCfg = Debug|Any CPU
		{84D418ED-08BC-4C0F-B237-F2F4014432F7}.Debug|Any CPU.Build.0 = Debug|Any CPU
		{84D418ED-08BC-4C0F-B237-F2F4014432F7}.Release|Any CPU.ActiveCfg = Release|Any CPU
		{84D418ED-08BC-4C0F-B237-F2F4014432F7}.Release|Any CPU.Build.0 = Release|Any CPU
	EndGlobalSection
	GlobalSection(SolutionProperties) = preSolution
		HideSolutionNode = FALSE
	EndGlobalSection
	GlobalSection(ExtensibilityGlobals) = postSolution
		SolutionGuid = {F01D8627-6263-463D-AAC1-915B8F7D7B65}
	EndGlobalSection
EndGlobal
